
Microsoft Visual Studio Solution File, Format Version 12.00
# Visual Studio Version 17
VisualStudioVersion = 17.7.34031.279
MinimumVisualStudioVersion = 10.0.40219.1
Project("{FAE04EC0-301F-11D3-BF4B-00C04F79EFBC}") = "Exercise2Module8", "Exercise2Module8\Exercise2Module8.csproj", "{C995A005-BB21-43B8-A1F0-8BBA1BB0A100}"
EndProject
Global
	GlobalSection(SolutionConfigurationPlatforms) = preSolution
		Debug|Any CPU = Debug|Any CPU
		Release|Any CPU = Release|Any CPU
	EndGlobalSection
	GlobalSection(ProjectConfigurationPlatforms) = postSolution
		{C995A005-BB21-43B8-A1F0-8BBA1BB0A100}.Debug|Any CPU.ActiveCfg = Debug|Any CPU
		{C995A005-BB21-43B8-A1F0-8BBA1BB0A100}.Debug|Any CPU.Build.0 = Debug|Any CPU
		{C995A005-BB21-43B8-A1F0-8BBA1BB0A100}.Release|Any CPU.ActiveCfg = Release|Any CPU
		{C995A005-BB21-43B8-A1F0-8BBA1BB0A100}.Release|Any CPU.Build.0 = Release|Any CPU
	EndGlobalSection
	GlobalSection(SolutionProperties) = preSolution
		HideSolutionNode = FALSE
	EndGlobalSection
	GlobalSection(ExtensibilityGlobals) = postSolution
		SolutionGuid = {E503714E-3399-462F-B7FC-ABD5A75607C9}
	EndGlobalSection
EndGlobal
